<?xml version="1.0" encoding="utf-8"?>
<Project ToolsVersion="4.0" xmlns="http://schemas.microsoft.com/developer/msbuild/2003">
  <ItemGroup>
    <Filter Include="System">
      <UniqueIdentifier>{ad6b365d-a435-48d6-a792-6efbf55e7a17}</UniqueIdentifier>
    </Filter>
    <Filter Include="Terminal">
      <UniqueIdentifier>{21571b91-b4a6-4844-88ec-eb8d20a28f5e}</UniqueIdentifier>
    </Filter>
    <Filter Include="Terminal\Commands">
      <UniqueIdentifier>{30a59256-f6fe-451f-89d7-cc59813e454a}</UniqueIdentifier>
    </Filter>
    <Filter Include="Utils">
      <UniqueIdentifier>{65e2040d-e886-4f51-949a-688d447b3c93}</UniqueIdentifier>
    </Filter>
    <Filter Include="WorkerWiFi">
      <UniqueIdentifier>{24b81c6d-5c77-4286-81c9-3d1b9941b32b}</UniqueIdentifier>
    </Filter>
    <Filter Include="Terminal\Commands\wifi-scan">
      <UniqueIdentifier>{984721df-763e-489c-ac7e-c485ee2956f7}</UniqueIdentifier>
    </Filter>
    <Filter Include="Terminal\Commands\wifi-connect">
      <UniqueIdentifier>{980ef920-a06e-48a1-8b75-ccd92d50514b}</UniqueIdentifier>
    </Filter>
    <Filter Include="Utils\String">
      <UniqueIdentifier>{01c311d1-4861-46c0-a22b-5014beb57f17}</UniqueIdentifier>
    </Filter>
    <Filter Include="Options">
      <UniqueIdentifier>{ab6328bc-010e-45ce-9ccd-9dfcb7b2ae02}</UniqueIdentifier>
    </Filter>
    <Filter Include="Terminal\Commands\wifi">
      <UniqueIdentifier>{1cc28b70-acb2-499c-b20c-8ffea9ae336e}</UniqueIdentifier>
    </Filter>
    <Filter Include="Terminal\Commands\wifi-reconnect">
      <UniqueIdentifier>{8ca49577-976a-453d-9e34-c1851d002bbd}</UniqueIdentifier>
    </Filter>
    <Filter Include="Terminal\Commands\reboot">
      <UniqueIdentifier>{e290cb94-a7a1-46f1-bef5-fcf269c3aed1}</UniqueIdentifier>
    </Filter>
    <Filter Include="Terminal\Commands\name">
      <UniqueIdentifier>{1ef6e27c-3cea-4be1-a223-2069e0de6f49}</UniqueIdentifier>
    </Filter>
    <Filter Include="Terminal\Commands\reinitialize">
      <UniqueIdentifier>{4e66bebd-4781-4d9f-a98e-66ca31ec01a3}</UniqueIdentifier>
    </Filter>
    <Filter Include="Terminal\Commands\nfc-masterkey">
      <UniqueIdentifier>{9bb16acc-a257-4da5-aec0-9a182951d3bd}</UniqueIdentifier>
    </Filter>
    <Filter Include="Terminal\Commands\nfc">
      <UniqueIdentifier>{0a1fccad-a428-4e55-9336-a8031a50836c}</UniqueIdentifier>
    </Filter>
    <Filter Include="Client">
      <UniqueIdentifier>{76081f03-f33d-4e14-8660-7bea4f20244e}</UniqueIdentifier>
    </Filter>
    <Filter Include="Devices">
      <UniqueIdentifier>{0594fa80-8a7b-40af-8c35-762a0391ed81}</UniqueIdentifier>
    </Filter>
    <Filter Include="Devices\NFC">
      <UniqueIdentifier>{2e8345b4-1901-4a09-8780-1e1e1b06d8a8}</UniqueIdentifier>
    </Filter>
    <Filter Include="Devices\Display">
      <UniqueIdentifier>{099fa0f2-456c-4723-867c-d67481a84f15}</UniqueIdentifier>
    </Filter>
    <Filter Include="Devices\Buzzer">
      <UniqueIdentifier>{905de5c1-32be-4f3c-a1e0-ef3250fb546b}</UniqueIdentifier>
    </Filter>
    <Filter Include="Devices\Led">
      <UniqueIdentifier>{a6e4f10c-6eb1-475f-a68d-16462a711f0f}</UniqueIdentifier>
    </Filter>
    <Filter Include="Devices\Relay">
      <UniqueIdentifier>{d7b5ab32-16f4-451c-8c9f-f22c3abbe92d}</UniqueIdentifier>
    </Filter>
    <Filter Include="Utils\MD5">
      <UniqueIdentifier>{f23167b8-f269-405a-843d-3ed3fabe968e}</UniqueIdentifier>
    </Filter>
  </ItemGroup>
  <ItemGroup>
    <None Include="esp_client.ino" />
  </ItemGroup>
  <ItemGroup>
    <ClInclude Include="__vm\.esp_client.vsarduino.h">
      <Filter>System</Filter>
    </ClInclude>
    <ClInclude Include="pdTerminal.h">
      <Filter>Terminal</Filter>
    </ClInclude>
    <ClInclude Include="pdCommand.h">
      <Filter>Terminal</Filter>
    </ClInclude>
    <ClInclude Include="pdCommand_connect.h">
      <Filter>Terminal\Commands\wifi-connect</Filter>
    </ClInclude>
    <ClInclude Include="pdCommand_scan.h">
      <Filter>Terminal\Commands\wifi-scan</Filter>
    </ClInclude>
    <ClInclude Include="pdWorkerWiFi.h">
      <Filter>WorkerWiFi</Filter>
    </ClInclude>
    <ClInclude Include="pdSettings.h" />
    <ClInclude Include="pdString.h">
      <Filter>Utils\String</Filter>
    </ClInclude>
    <ClInclude Include="pdOptions.h">
      <Filter>Options</Filter>
    </ClInclude>
    <ClInclude Include="pdCommand_wifi.h">
      <Filter>Terminal\Commands\wifi</Filter>
    </ClInclude>
    <ClInclude Include="pdCommand_reconnect.h">
      <Filter>Terminal\Commands\wifi-reconnect</Filter>
    </ClInclude>
    <ClInclude Include="pdCommand_reboot.h">
      <Filter>Terminal\Commands\reboot</Filter>
    </ClInclude>
    <ClInclude Include="pdCommand_reinitialize.h">
      <Filter>Terminal\Commands\reinitialize</Filter>
    </ClInclude>
    <ClInclude Include="pdCommand_name.h">
      <Filter>Terminal\Commands\name</Filter>
    </ClInclude>
    <ClInclude Include="pdNearFieldCommunication.h">
      <Filter>Devices\NFC</Filter>
    </ClInclude>
    <ClInclude Include="pdClient.h">
      <Filter>Client</Filter>
    </ClInclude>
    <ClInclude Include="pdCommand_nfc.h">
      <Filter>Terminal\Commands\nfc</Filter>
    </ClInclude>
    <ClInclude Include="pdCommand_nfcMasterkey.h">
      <Filter>Terminal\Commands\nfc-masterkey</Filter>
    </ClInclude>
    <ClInclude Include="pdDisplay.h">
      <Filter>Devices\Display</Filter>
    </ClInclude>
    <ClInclude Include="pdBuzzer.h">
      <Filter>Devices\Buzzer</Filter>
    </ClInclude>
    <ClInclude Include="pdLed.h">
      <Filter>Devices\Led</Filter>
    </ClInclude>
    <ClInclude Include="pdRelay.h">
      <Filter>Devices\Relay</Filter>
    </ClInclude>
    <ClInclude Include="pdDevice.h">
      <Filter>Devices</Filter>
    </ClInclude>
    <ClInclude Include="pdMD5.h">
      <Filter>Utils\MD5</Filter>
    </ClInclude>
  </ItemGroup>
  <ItemGroup>
    <ClCompile Include="pdTerminal.cpp">
      <Filter>Terminal</Filter>
    </ClCompile>
    <ClCompile Include="pdCommand.cpp">
      <Filter>Terminal</Filter>
    </ClCompile>
    <ClCompile Include="pdCommand_connect.cpp">
      <Filter>Terminal\Commands\wifi-connect</Filter>
    </ClCompile>
    <ClCompile Include="pdCommand_scan.cpp">
      <Filter>Terminal\Commands\wifi-scan</Filter>
    </ClCompile>
    <ClCompile Include="pdWorkerWiFi.cpp">
      <Filter>WorkerWiFi</Filter>
    </ClCompile>
    <ClCompile Include="pdString.cpp">
      <Filter>Utils\String</Filter>
    </ClCompile>
    <ClCompile Include="pdOptions.cpp">
      <Filter>Options</Filter>
    </ClCompile>
    <ClCompile Include="pdCommand_wifi.cpp">
      <Filter>Terminal\Commands\wifi</Filter>
    </ClCompile>
    <ClCompile Include="pdCommand_reconnect.cpp">
      <Filter>Terminal\Commands\wifi-reconnect</Filter>
    </ClCompile>
    <ClCompile Include="pdCommand_reboot.cpp">
      <Filter>Terminal\Commands\reboot</Filter>
    </ClCompile>
    <ClCompile Include="pdCommand_reinitialize.cpp">
      <Filter>Terminal\Commands\reinitialize</Filter>
    </ClCompile>
    <ClCompile Include="pdCommand_name.cpp">
      <Filter>Terminal\Commands\name</Filter>
    </ClCompile>
    <ClCompile Include="pdNearFieldCommunication.cpp">
      <Filter>Devices\NFC</Filter>
    </ClCompile>
    <ClCompile Include="pdClient.cpp">
      <Filter>Client</Filter>
    </ClCompile>
    <ClCompile Include="pdCommand_nfc.cpp">
      <Filter>Terminal\Commands\nfc</Filter>
    </ClCompile>
    <ClCompile Include="pdCommand_nfcMasterkey.cpp">
      <Filter>Terminal\Commands\nfc-masterkey</Filter>
    </ClCompile>
    <ClCompile Include="pdDisplay.cpp">
      <Filter>Devices\Display</Filter>
    </ClCompile>
    <ClCompile Include="pdBuzzer.cpp">
      <Filter>Devices\Buzzer</Filter>
    </ClCompile>
    <ClCompile Include="pdLed.cpp">
      <Filter>Devices\Led</Filter>
    </ClCompile>
    <ClCompile Include="pdRelay.cpp">
      <Filter>Devices\Relay</Filter>
    </ClCompile>
    <ClCompile Include="pdDevice.cpp">
      <Filter>Devices</Filter>
    </ClCompile>
    <ClCompile Include="pdMD5.cpp">
      <Filter>Utils\MD5</Filter>
    </ClCompile>
  </ItemGroup>
</Project>