<?xml version="1.0" encoding="utf-8"?>
<Project ToolsVersion="4.0" xmlns="http://schemas.microsoft.com/developer/msbuild/2003">
  <ItemGroup>
    <Filter Include="Resource Files">
      <UniqueIdentifier>{D9D6E242-F8AF-46E4-B9FD-80ECBC20BA3E}</UniqueIdentifier>
      <Extensions>qrc;*</Extensions>
      <ParseFiles>false</ParseFiles>
    </Filter>
    <Filter Include="Resource Files">
      <UniqueIdentifier>{D9D6E242-F8AF-46E4-B9FD-80ECBC20BA3E}</UniqueIdentifier>
      <Extensions>qrc;*</Extensions>
      <ParseFiles>false</ParseFiles>
    </Filter>
    <Filter Include="Generated Files">
      <UniqueIdentifier>{71ED8ED8-ACB9-4CE9-BBE1-E00B30144E11}</UniqueIdentifier>
      <Extensions>moc;h;cpp</Extensions>
      <SourceControlFiles>False</SourceControlFiles>
    </Filter>
    <Filter Include="Generated Files\Debug">
      <UniqueIdentifier>{c403f5ff-fd8f-430d-a66c-c4f1f1f125a6}</UniqueIdentifier>
      <Extensions>cpp;moc</Extensions>
      <SourceControlFiles>False</SourceControlFiles>
    </Filter>
    <Filter Include="Generated Files\Release">
      <UniqueIdentifier>{c175b400-183c-4a80-9775-84f9219a1f50}</UniqueIdentifier>
      <Extensions>cpp;moc</Extensions>
      <SourceControlFiles>False</SourceControlFiles>
    </Filter>
    <Filter Include="Source">
      <UniqueIdentifier>{c91edf15-811b-4934-ac40-2fe6dc7cc2e1}</UniqueIdentifier>
    </Filter>
    <Filter Include="Source\MainWindows">
      <UniqueIdentifier>{888a5158-b1cd-4f9a-b250-d9bc70b25ec7}</UniqueIdentifier>
    </Filter>
    <Filter Include="Source\Server">
      <UniqueIdentifier>{60db3b13-927e-4425-9875-85b6fe57af95}</UniqueIdentifier>
    </Filter>
    <Filter Include="Source\Server\TransportUDP">
      <UniqueIdentifier>{e51b9796-6dfc-4fa4-ba31-207ed33036a0}</UniqueIdentifier>
    </Filter>
    <Filter Include="Source\Server\Protocol">
      <UniqueIdentifier>{5b04fc1b-2fd2-4a5e-a1d3-3d67db8e7d94}</UniqueIdentifier>
    </Filter>
    <Filter Include="Source\Server\ClientAddress">
      <UniqueIdentifier>{50bd6336-9fe6-4b98-9f89-da12aada3448}</UniqueIdentifier>
    </Filter>
    <Filter Include="Source\Server\Client">
      <UniqueIdentifier>{d720dd22-55b6-4485-bc4e-fb923cbe4696}</UniqueIdentifier>
    </Filter>
    <Filter Include="Source\Server\Protocol\Command">
      <UniqueIdentifier>{57c81678-6b57-4f70-b0d0-5ed5da2177eb}</UniqueIdentifier>
    </Filter>
    <Filter Include="Source\Server\Packet">
      <UniqueIdentifier>{c479fb91-36d5-4c0f-b4ec-28cd82b3b7b5}</UniqueIdentifier>
    </Filter>
  </ItemGroup>
  <ItemGroup>
    <ClCompile Include="main.cpp">
      <Filter>Source</Filter>
    </ClCompile>
    <ClCompile Include="..\..\..\Shared\Source\dsServerCore.cpp">
      <Filter>Source\Server</Filter>
    </ClCompile>
    <ClCompile Include="GeneratedFiles\Debug\moc_dsServerCore.cpp">
      <Filter>Generated Files\Debug</Filter>
    </ClCompile>
    <ClCompile Include="GeneratedFiles\Release\moc_dsServerCore.cpp">
      <Filter>Generated Files\Release</Filter>
    </ClCompile>
    <ClCompile Include="..\..\..\Shared\Source\dsDiamondServer_Windows.cpp">
      <Filter>Source\MainWindows</Filter>
    </ClCompile>
    <ClCompile Include="GeneratedFiles\Debug\moc_dsDiamondServer_Windows.cpp">
      <Filter>Generated Files\Debug</Filter>
    </ClCompile>
    <ClCompile Include="GeneratedFiles\Release\moc_dsDiamondServer_Windows.cpp">
      <Filter>Generated Files\Release</Filter>
    </ClCompile>
    <ClCompile Include="..\..\..\Shared\Source\dsTransportUDP.cpp">
      <Filter>Source\Server\TransportUDP</Filter>
    </ClCompile>
    <ClCompile Include="GeneratedFiles\Debug\moc_dsTransportUDP.cpp">
      <Filter>Generated Files\Debug</Filter>
    </ClCompile>
    <ClCompile Include="GeneratedFiles\Release\moc_dsTransportUDP.cpp">
      <Filter>Generated Files\Release</Filter>
    </ClCompile>
    <ClCompile Include="..\..\..\Shared\Source\dsProtocol.cpp">
      <Filter>Source\Server\Protocol</Filter>
    </ClCompile>
    <ClCompile Include="GeneratedFiles\Debug\moc_dsProtocol.cpp">
      <Filter>Generated Files\Debug</Filter>
    </ClCompile>
    <ClCompile Include="GeneratedFiles\Release\moc_dsProtocol.cpp">
      <Filter>Generated Files\Release</Filter>
    </ClCompile>
    <ClCompile Include="..\..\..\Shared\Source\dsClientAddress.cpp">
      <Filter>Source\Server\ClientAddress</Filter>
    </ClCompile>
    <ClCompile Include="..\..\..\Shared\Source\dsClient.cpp">
      <Filter>Source\Server\Client</Filter>
    </ClCompile>
    <ClCompile Include="GeneratedFiles\Debug\moc_dsClient.cpp">
      <Filter>Generated Files\Debug</Filter>
    </ClCompile>
    <ClCompile Include="GeneratedFiles\Release\moc_dsClient.cpp">
      <Filter>Generated Files\Release</Filter>
    </ClCompile>
    <ClCompile Include="..\..\..\Shared\Source\dsCommand.cpp">
      <Filter>Source\Server\Protocol\Command</Filter>
    </ClCompile>
    <ClCompile Include="..\..\..\Shared\Source\dsPacket.cpp">
      <Filter>Source\Server\Packet</Filter>
    </ClCompile>
  </ItemGroup>
  <ItemGroup>
    <CustomBuild Include="DiamondServer_Windows.qrc">
      <Filter>Resource Files</Filter>
    </CustomBuild>
    <CustomBuild Include="..\..\..\Shared\Source\dsServerCore.h">
      <Filter>Source\Server</Filter>
    </CustomBuild>
    <CustomBuild Include="..\..\..\Shared\Source\dsDiamondServer_Windows.h">
      <Filter>Source\MainWindows</Filter>
    </CustomBuild>
    <CustomBuild Include="..\..\..\Shared\Source\dsDiamondServer_Windows.ui">
      <Filter>Source\MainWindows</Filter>
    </CustomBuild>
    <CustomBuild Include="..\..\..\Shared\Source\dsTransportUDP.h">
      <Filter>Source\Server\TransportUDP</Filter>
    </CustomBuild>
    <CustomBuild Include="..\..\..\Shared\Source\dsProtocol.h">
      <Filter>Source\Server\Protocol</Filter>
    </CustomBuild>
    <CustomBuild Include="..\..\..\Shared\Source\dsClient.h">
      <Filter>Source\Server\Client</Filter>
    </CustomBuild>
  </ItemGroup>
  <ItemGroup>
    <ClInclude Include="GeneratedFiles\ui_dsDiamondServer_Windows.h">
      <Filter>Generated Files</Filter>
    </ClInclude>
    <ClInclude Include="..\..\..\Shared\Source\dsSettings.h">
      <Filter>Source</Filter>
    </ClInclude>
    <ClInclude Include="..\..\..\Shared\Source\dsClientAddress.h">
      <Filter>Source\Server\ClientAddress</Filter>
    </ClInclude>
    <ClInclude Include="..\..\..\Shared\Source\dsCommand.h">
      <Filter>Source\Server\Protocol\Command</Filter>
    </ClInclude>
    <ClInclude Include="..\..\..\Shared\Source\dsPacket.h">
      <Filter>Source\Server\Packet</Filter>
    </ClInclude>
  </ItemGroup>
</Project>